{
  "name": "test",
  "lockfileVersion": 3,
  "requires": true,
  "packages": {
    "": {
      "devDependencies": {
        "koffi": "^2.9.0"
      }
    },
    "node_modules/koffi": {
      "version": "2.16.2",
      "dev": true,
      "hasInstallScript": true,
      "license": "MIT",
      "funding": {
        "url": "https://liberapay.com/Koromix"
      }
    }
  }
}
